
Microsoft Visual Studio Solution File, Format Version 12.00
# Visual Studio 15
VisualStudioVersion = 15.0.27703.1
MinimumVisualStudioVersion = 10.0.40219.1
Project("{FAE04EC0-301F-11D3-BF4B-00C04F79EFBC}") = "JwtForWebAPI", "JwtForWebAPI\JwtForWebAPI.csproj", "{C0FF6297-23DF-43CD-8D44-E5DF7679C3C6}"
EndProject
Project("{FAE04EC0-301F-11D3-BF4B-00C04F79EFBC}") = "IdentityServer3ForWebAPI", "IdentityServer3ForWebAPI\IdentityServer3ForWebAPI.csproj", "{FB6FCA92-4D89-48DB-B3CA-D86A9C143788}"
EndProject
Project("{FAE04EC0-301F-11D3-BF4B-00C04F79EFBC}") = "KatanaForWebAPI", "KatanaForWebAPI\KatanaForWebAPI.csproj", "{8F363C1A-6225-4812-9544-E7EDE3716885}"
EndProject
Project("{FAE04EC0-301F-11D3-BF4B-00C04F79EFBC}") = "IdentityServer3ForWebAPI.Tests", "IdentityServer3ForWebAPI.Tests\IdentityServer3ForWebAPI.Tests.csproj", "{821E3BF8-D728-4D27-9195-9A10B4034629}"
EndProject
Project("{2150E333-8FDC-42A3-9474-1A3956D46DE8}") = "test", "test", "{AD6530B0-5575-4C44-9038-2F70B1DAF39B}"
EndProject
Project("{FAE04EC0-301F-11D3-BF4B-00C04F79EFBC}") = "IdSrv4.HostSrv", "IdSrv4.HostSrv\IdSrv4.HostSrv.csproj", "{096B93B2-AE30-4315-9184-3061FD87882C}"
EndProject
Project("{FAE04EC0-301F-11D3-BF4B-00C04F79EFBC}") = "IdSrv4.WebApi", "IdSrv4.WebApi\IdSrv4.WebApi.csproj", "{CE57950D-472F-4388-BEE1-B1E4DF80C0E5}"
EndProject
Project("{FAE04EC0-301F-11D3-BF4B-00C04F79EFBC}") = "IdSrv4.Client", "IdSrv4.Client\IdSrv4.Client.csproj", "{36050E95-C55A-4EC8-B51C-E0109C524428}"
EndProject
Project("{9A19103F-16F7-4668-BE54-9A1E7A4F7556}") = "IdentityServer4", "IdentityServer4\src\IdentityServer4\IdentityServer4.csproj", "{9D9F4F91-E241-4592-80FD-3BA9868C4329}"
EndProject
Global
	GlobalSection(SolutionConfigurationPlatforms) = preSolution
		Debug|Any CPU = Debug|Any CPU
		Release|Any CPU = Release|Any CPU
	EndGlobalSection
	GlobalSection(ProjectConfigurationPlatforms) = postSolution
		{C0FF6297-23DF-43CD-8D44-E5DF7679C3C6}.Debug|Any CPU.ActiveCfg = Debug|Any CPU
		{C0FF6297-23DF-43CD-8D44-E5DF7679C3C6}.Debug|Any CPU.Build.0 = Debug|Any CPU
		{C0FF6297-23DF-43CD-8D44-E5DF7679C3C6}.Release|Any CPU.ActiveCfg = Release|Any CPU
		{C0FF6297-23DF-43CD-8D44-E5DF7679C3C6}.Release|Any CPU.Build.0 = Release|Any CPU
		{FB6FCA92-4D89-48DB-B3CA-D86A9C143788}.Debug|Any CPU.ActiveCfg = Debug|Any CPU
		{FB6FCA92-4D89-48DB-B3CA-D86A9C143788}.Debug|Any CPU.Build.0 = Debug|Any CPU
		{FB6FCA92-4D89-48DB-B3CA-D86A9C143788}.Release|Any CPU.ActiveCfg = Release|Any CPU
		{FB6FCA92-4D89-48DB-B3CA-D86A9C143788}.Release|Any CPU.Build.0 = Release|Any CPU
		{8F363C1A-6225-4812-9544-E7EDE3716885}.Debug|Any CPU.ActiveCfg = Debug|Any CPU
		{8F363C1A-6225-4812-9544-E7EDE3716885}.Debug|Any CPU.Build.0 = Debug|Any CPU
		{8F363C1A-6225-4812-9544-E7EDE3716885}.Release|Any CPU.ActiveCfg = Release|Any CPU
		{8F363C1A-6225-4812-9544-E7EDE3716885}.Release|Any CPU.Build.0 = Release|Any CPU
		{821E3BF8-D728-4D27-9195-9A10B4034629}.Debug|Any CPU.ActiveCfg = Debug|Any CPU
		{821E3BF8-D728-4D27-9195-9A10B4034629}.Debug|Any CPU.Build.0 = Debug|Any CPU
		{821E3BF8-D728-4D27-9195-9A10B4034629}.Release|Any CPU.ActiveCfg = Release|Any CPU
		{821E3BF8-D728-4D27-9195-9A10B4034629}.Release|Any CPU.Build.0 = Release|Any CPU
		{096B93B2-AE30-4315-9184-3061FD87882C}.Debug|Any CPU.ActiveCfg = Debug|Any CPU
		{096B93B2-AE30-4315-9184-3061FD87882C}.Debug|Any CPU.Build.0 = Debug|Any CPU
		{096B93B2-AE30-4315-9184-3061FD87882C}.Release|Any CPU.ActiveCfg = Release|Any CPU
		{096B93B2-AE30-4315-9184-3061FD87882C}.Release|Any CPU.Build.0 = Release|Any CPU
		{CE57950D-472F-4388-BEE1-B1E4DF80C0E5}.Debug|Any CPU.ActiveCfg = Debug|Any CPU
		{CE57950D-472F-4388-BEE1-B1E4DF80C0E5}.Debug|Any CPU.Build.0 = Debug|Any CPU
		{CE57950D-472F-4388-BEE1-B1E4DF80C0E5}.Release|Any CPU.ActiveCfg = Release|Any CPU
		{CE57950D-472F-4388-BEE1-B1E4DF80C0E5}.Release|Any CPU.Build.0 = Release|Any CPU
		{36050E95-C55A-4EC8-B51C-E0109C524428}.Debug|Any CPU.ActiveCfg = Debug|Any CPU
		{36050E95-C55A-4EC8-B51C-E0109C524428}.Debug|Any CPU.Build.0 = Debug|Any CPU
		{36050E95-C55A-4EC8-B51C-E0109C524428}.Release|Any CPU.ActiveCfg = Release|Any CPU
		{36050E95-C55A-4EC8-B51C-E0109C524428}.Release|Any CPU.Build.0 = Release|Any CPU
		{9D9F4F91-E241-4592-80FD-3BA9868C4329}.Debug|Any CPU.ActiveCfg = Debug|Any CPU
		{9D9F4F91-E241-4592-80FD-3BA9868C4329}.Debug|Any CPU.Build.0 = Debug|Any CPU
		{9D9F4F91-E241-4592-80FD-3BA9868C4329}.Release|Any CPU.ActiveCfg = Release|Any CPU
		{9D9F4F91-E241-4592-80FD-3BA9868C4329}.Release|Any CPU.Build.0 = Release|Any CPU
	EndGlobalSection
	GlobalSection(SolutionProperties) = preSolution
		HideSolutionNode = FALSE
	EndGlobalSection
	GlobalSection(NestedProjects) = preSolution
		{821E3BF8-D728-4D27-9195-9A10B4034629} = {AD6530B0-5575-4C44-9038-2F70B1DAF39B}
	EndGlobalSection
	GlobalSection(ExtensibilityGlobals) = postSolution
		SolutionGuid = {61867149-FAA9-4E97-B9ED-D4DB764D6A70}
	EndGlobalSection
EndGlobal
